
Microsoft Visual Studio Solution File, Format Version 12.00
Project("{FAE04EC0-301F-11D3-BF4B-00C04F79EFBC}") = "PasswordForUs", "PasswordForUs\PasswordForUs.csproj", "{81F52228-B825-4116-B478-E1FF2D191458}"
EndProject
Project("{FAE04EC0-301F-11D3-BF4B-00C04F79EFBC}") = "PasswordForUsLibrary", "PasswordForUsLibrary\PasswordForUsLibrary.csproj", "{8DDC4F6B-9BB4-43C6-B732-0EDB42340AD7}"
EndProject
Project("{FAE04EC0-301F-11D3-BF4B-00C04F79EFBC}") = "TestsForPasswordForUs", "TestsForPasswordForUs\TestsForPasswordForUs.csproj", "{C0861EB8-66A7-4EBF-89AB-DF7E68D41F6B}"
EndProject
Project("{FAE04EC0-301F-11D3-BF4B-00C04F79EFBC}") = "MemoryStorage", "MemoryStorage\MemoryStorage.csproj", "{7FADB49E-03A7-48C9-B3CA-1F111D7F9A68}"
EndProject
Project("{FAE04EC0-301F-11D3-BF4B-00C04F79EFBC}") = "FileSynchronizer", "FileSynchronizer\FileSynchronizer.csproj", "{16EF1D02-8AC0-44E9-9F41-B9C13514D5DA}"
EndProject
Project("{FAE04EC0-301F-11D3-BF4B-00C04F79EFBC}") = "pfu", "pfu\pfu.csproj", "{B838152D-9A78-4D38-AB28-FBFEFBBFE955}"
EndProject
Global
	GlobalSection(SolutionConfigurationPlatforms) = preSolution
		Debug|Any CPU = Debug|Any CPU
		Release|Any CPU = Release|Any CPU
	EndGlobalSection
	GlobalSection(ProjectConfigurationPlatforms) = postSolution
		{81F52228-B825-4116-B478-E1FF2D191458}.Debug|Any CPU.ActiveCfg = Debug|Any CPU
		{81F52228-B825-4116-B478-E1FF2D191458}.Debug|Any CPU.Build.0 = Debug|Any CPU
		{81F52228-B825-4116-B478-E1FF2D191458}.Release|Any CPU.ActiveCfg = Release|Any CPU
		{81F52228-B825-4116-B478-E1FF2D191458}.Release|Any CPU.Build.0 = Release|Any CPU
		{8DDC4F6B-9BB4-43C6-B732-0EDB42340AD7}.Debug|Any CPU.ActiveCfg = Debug|Any CPU
		{8DDC4F6B-9BB4-43C6-B732-0EDB42340AD7}.Debug|Any CPU.Build.0 = Debug|Any CPU
		{8DDC4F6B-9BB4-43C6-B732-0EDB42340AD7}.Release|Any CPU.ActiveCfg = Release|Any CPU
		{8DDC4F6B-9BB4-43C6-B732-0EDB42340AD7}.Release|Any CPU.Build.0 = Release|Any CPU
		{C0861EB8-66A7-4EBF-89AB-DF7E68D41F6B}.Debug|Any CPU.ActiveCfg = Debug|Any CPU
		{C0861EB8-66A7-4EBF-89AB-DF7E68D41F6B}.Debug|Any CPU.Build.0 = Debug|Any CPU
		{C0861EB8-66A7-4EBF-89AB-DF7E68D41F6B}.Release|Any CPU.ActiveCfg = Release|Any CPU
		{C0861EB8-66A7-4EBF-89AB-DF7E68D41F6B}.Release|Any CPU.Build.0 = Release|Any CPU
		{7FADB49E-03A7-48C9-B3CA-1F111D7F9A68}.Debug|Any CPU.ActiveCfg = Debug|Any CPU
		{7FADB49E-03A7-48C9-B3CA-1F111D7F9A68}.Debug|Any CPU.Build.0 = Debug|Any CPU
		{7FADB49E-03A7-48C9-B3CA-1F111D7F9A68}.Release|Any CPU.ActiveCfg = Release|Any CPU
		{7FADB49E-03A7-48C9-B3CA-1F111D7F9A68}.Release|Any CPU.Build.0 = Release|Any CPU
		{16EF1D02-8AC0-44E9-9F41-B9C13514D5DA}.Debug|Any CPU.ActiveCfg = Debug|Any CPU
		{16EF1D02-8AC0-44E9-9F41-B9C13514D5DA}.Debug|Any CPU.Build.0 = Debug|Any CPU
		{16EF1D02-8AC0-44E9-9F41-B9C13514D5DA}.Release|Any CPU.ActiveCfg = Release|Any CPU
		{16EF1D02-8AC0-44E9-9F41-B9C13514D5DA}.Release|Any CPU.Build.0 = Release|Any CPU
		{B838152D-9A78-4D38-AB28-FBFEFBBFE955}.Debug|Any CPU.ActiveCfg = Debug|Any CPU
		{B838152D-9A78-4D38-AB28-FBFEFBBFE955}.Debug|Any CPU.Build.0 = Debug|Any CPU
		{B838152D-9A78-4D38-AB28-FBFEFBBFE955}.Release|Any CPU.ActiveCfg = Release|Any CPU
		{B838152D-9A78-4D38-AB28-FBFEFBBFE955}.Release|Any CPU.Build.0 = Release|Any CPU
	EndGlobalSection
EndGlobal
